{
  "originHash" : "c0dc20e06a53ea16047883d97435a7c70f0a754e805ac6bfb106cb31bbc7d149",
  "pins" : [
    {
      "identity" : "alamofire",
      "kind" : "remoteSourceControl",
      "location" : "https://github.com/Alamofire/Alamofire.git",
      "state" : {
        "revision" : "7595cbcf59809f9977c5f6378500de2ad73b7ddb",
        "version" : "5.12.0"
      }
    },
    {
      "identity" : "kakao-ios-sdk",
      "kind" : "remoteSourceControl",
      "location" : "https://github.com/kakao/kakao-ios-sdk",
      "state" : {
        "branch" : "master",
        "revision" : "32626459f03d9a3622f91cfc001c6dc97cae33a9"
      }
    },
    {
      "identity" : "kakaomapssdk-spm",
      "kind" : "remoteSourceControl",
      "location" : "https://github.com/kakao-mapsSDK/KakaoMapsSDK-SPM.git",
      "state" : {
        "branch" : "master",
        "revision" : "1f1f6ebaac325f74f0a00a8f2c69e74175a6d875"
      }
    }
  ],
  "version" : 3
}
